
Microsoft Visual Studio Solution File, Format Version 12.00
# Visual Studio Version 17
VisualStudioVersion = 17.3.32922.545
MinimumVisualStudioVersion = 10.0.40219.1
Project("{FAE04EC0-301F-11D3-BF4B-00C04F79EFBC}") = "WPFView", "WPFView\WPFView.csproj", "{970AAF13-77BE-4497-8BCD-4EEDAA5B2077}"
EndProject
Project("{FAE04EC0-301F-11D3-BF4B-00C04F79EFBC}") = "Model", "Model\Model.csproj", "{2084DDE2-6C16-4E2B-B50D-84620A8354C6}"
EndProject
Project("{FAE04EC0-301F-11D3-BF4B-00C04F79EFBC}") = "ViewModel", "ViewModel\ViewModel.csproj", "{8E80AD15-53B7-4759-A140-6A18B782FC69}"
EndProject
Global
	GlobalSection(SolutionConfigurationPlatforms) = preSolution
		Debug|Any CPU = Debug|Any CPU
		Release|Any CPU = Release|Any CPU
	EndGlobalSection
	GlobalSection(ProjectConfigurationPlatforms) = postSolution
		{970AAF13-77BE-4497-8BCD-4EEDAA5B2077}.Debug|Any CPU.ActiveCfg = Debug|Any CPU
		{970AAF13-77BE-4497-8BCD-4EEDAA5B2077}.Debug|Any CPU.Build.0 = Debug|Any CPU
		{970AAF13-77BE-4497-8BCD-4EEDAA5B2077}.Release|Any CPU.ActiveCfg = Release|Any CPU
		{970AAF13-77BE-4497-8BCD-4EEDAA5B2077}.Release|Any CPU.Build.0 = Release|Any CPU
		{2084DDE2-6C16-4E2B-B50D-84620A8354C6}.Debug|Any CPU.ActiveCfg = Debug|Any CPU
		{2084DDE2-6C16-4E2B-B50D-84620A8354C6}.Debug|Any CPU.Build.0 = Debug|Any CPU
		{2084DDE2-6C16-4E2B-B50D-84620A8354C6}.Release|Any CPU.ActiveCfg = Release|Any CPU
		{2084DDE2-6C16-4E2B-B50D-84620A8354C6}.Release|Any CPU.Build.0 = Release|Any CPU
		{8E80AD15-53B7-4759-A140-6A18B782FC69}.Debug|Any CPU.ActiveCfg = Debug|Any CPU
		{8E80AD15-53B7-4759-A140-6A18B782FC69}.Debug|Any CPU.Build.0 = Debug|Any CPU
		{8E80AD15-53B7-4759-A140-6A18B782FC69}.Release|Any CPU.ActiveCfg = Release|Any CPU
		{8E80AD15-53B7-4759-A140-6A18B782FC69}.Release|Any CPU.Build.0 = Release|Any CPU
	EndGlobalSection
	GlobalSection(SolutionProperties) = preSolution
		HideSolutionNode = FALSE
	EndGlobalSection
	GlobalSection(ExtensibilityGlobals) = postSolution
		SolutionGuid = {C0952DE4-B4D6-49E6-BFF6-91BA080668EA}
	EndGlobalSection
EndGlobal
